// !$*UTF8*$!
{
	archiveVersion = 1;
	classes = {
	};
	objectVersion = 46;
	objects = {

/* Begin PBXBuildFile section */
		187EA75C1E602AD500B63047 /* main.m in Sources */ = {isa = PBXBuildFile; fileRef = 187EA75B1E602AD500B63047 /* main.m */; };
		187EA75F1E602AD500B63047 /* AppDelegate.m in Sources */ = {isa = PBXBuildFile; fileRef = 187EA75E1E602AD500B63047 /* AppDelegate.m */; };
		187EA7621E602AD500B63047 /* ViewController.m in Sources */ = {isa = PBXBuildFile; fileRef = 187EA7611E602AD500B63047 /* ViewController.m */; };
		187EA7651E602AD500B63047 /* Main.storyboard in Resources */ = {isa = PBXBuildFile; fileRef = 187EA7631E602AD500B63047 /* Main.storyboard */; };
		187EA7671E602AD500B63047 /* Assets.xcassets in Resources */ = {isa = PBXBuildFile; fileRef = 187EA7661E602AD500B63047 /* Assets.xcassets */; };
		187EA76A1E602AD500B63047 /* LaunchScreen.storyboard in Resources */ = {isa = PBXBuildFile; fileRef = 187EA7681E602AD500B63047 /* LaunchScreen.storyboard */; };
		187EA7751E602AD500B63047 /* GetAddressBookInfoTests.m in Sources */ = {isa = PBXBuildFile; fileRef = 187EA7741E602AD500B63047 /* GetAddressBookInfoTests.m */; };
		187EA7801E602AD500B63047 /* GetAddressBookInfoUITests.m in Sources */ = {isa = PBXBuildFile; fileRef = 187EA77F1E602AD500B63047 /* GetAddressBookInfoUITests.m */; };
		187EA78F1E602B8600B63047 /* AddressBookHelper.m in Sources */ = {isa = PBXBuildFile; fileRef = 187EA78E1E602B8600B63047 /* AddressBookHelper.m */; };
/* End PBXBuildFile section */

/* Begin PBXContainerItemProxy section */
		187EA7711E602AD500B63047 /* PBXContainerItemProxy */ = {
			isa = PBXContainerItemProxy;
			containerPortal = 187EA74F1E602AD500B63047 /* Project object */;
			proxyType = 1;
			remoteGlobalIDString = 187EA7561E602AD500B63047;
			remoteInfo = GetAddressBookInfo;
		};
		187EA77C1E602AD500B63047 /* PBXContainerItemProxy */ = {
			isa = PBXContainerItemProxy;
			containerPortal = 187EA74F1E602AD500B63047 /* Project object */;
			proxyType = 1;
			remoteGlobalIDString = 187EA7561E602AD500B63047;
			remoteInfo = GetAddressBookInfo;
		};
/* End PBXContainerItemProxy section */

/* Begin PBXFileReference section */
		187EA7571E602AD500B63047 /* GetAddressBookInfo.app */ = {isa = PBXFileReference; explicitFileType = wrapper.application; includeInIndex = 0; path = GetAddressBookInfo.app; sourceTree = BUILT_PRODUCTS_DIR; };
		187EA75B1E602AD500B63047 /* main.m */ = {isa = PBXFileReference; lastKnownFileType = sourcecode.c.objc; path = main.m; sourceTree = "<group>"; };
		187EA75D1E602AD500B63047 /* AppDelegate.h */ = {isa = PBXFileReference; lastKnownFileType = sourcecode.c.h; path = AppDelegate.h; sourceTree = "<group>"; };
		187EA75E1E602AD500B63047 /* AppDelegate.m */ = {isa = PBXFileReference; lastKnownFileType = sourcecode.c.objc; path = AppDelegate.m; sourceTree = "<group>"; };
		187EA7601E602AD500B63047 /* ViewController.h */ = {isa = PBXFileReference; lastKnownFileType = sourcecode.c.h; path = ViewController.h; sourceTree = "<group>"; };
		187EA7611E602AD500B63047 /* ViewController.m */ = {isa = PBXFileReference; lastKnownFileType = sourcecode.c.objc; path = ViewController.m; sourceTree = "<group>"; };
		187EA7641E602AD500B63047 /* Base */ = {isa = PBXFileReference; lastKnownFileType = file.storyboard; name = Base; path = Base.lproj/Main.storyboard; sourceTree = "<group>"; };
		187EA7661E602AD500B63047 /* Assets.xcassets */ = {isa = PBXFileReference; lastKnownFileType = folder.assetcatalog; path = Assets.xcassets; sourceTree = "<group>"; };
		187EA7691E602AD500B63047 /* Base */ = {isa = PBXFileReference; lastKnownFileType = file.storyboard; name = Base; path = Base.lproj/LaunchScreen.storyboard; sourceTree = "<group>"; };
		187EA76B1E602AD500B63047 /* Info.plist */ = {isa = PBXFileReference; lastKnownFileType = text.plist.xml; path = Info.plist; sourceTree = "<group>"; };
		187EA7701E602AD500B63047 /* GetAddressBookInfoTests.xctest */ = {isa = PBXFileReference; explicitFileType = wrapper.cfbundle; includeInIndex = 0; path = GetAddressBookInfoTests.xctest; sourceTree = BUILT_PRODUCTS_DIR; };
		187EA7741E602AD500B63047 /* GetAddressBookInfoTests.m */ = {isa = PBXFileReference; lastKnownFileType = sourcecode.c.objc; path = GetAddressBookInfoTests.m; sourceTree = "<group>"; };
		187EA7761E602AD500B63047 /* Info.plist */ = {isa = PBXFileReference; lastKnownFileType = text.plist.xml; path = Info.plist; sourceTree = "<group>"; };
		187EA77B1E602AD500B63047 /* GetAddressBookInfoUITests.xctest */ = {isa = PBXFileReference; explicitFileType = wrapper.cfbundle; includeInIndex = 0; path = GetAddressBookInfoUITests.xctest; sourceTree = BUILT_PRODUCTS_DIR; };
		187EA77F1E602AD500B63047 /* GetAddressBookInfoUITests.m */ = {isa = PBXFileReference; lastKnownFileType = sourcecode.c.objc; path = GetAddressBookInfoUITests.m; sourceTree = "<group>"; };
		187EA7811E602AD500B63047 /* Info.plist */ = {isa = PBXFileReference; lastKnownFileType = text.plist.xml; path = Info.plist; sourceTree = "<group>"; };
		187EA78D1E602B8600B63047 /* AddressBookHelper.h */ = {isa = PBXFileReference; fileEncoding = 4; lastKnownFileType = sourcecode.c.h; path = AddressBookHelper.h; sourceTree = "<group>"; };
		187EA78E1E602B8600B63047 /* AddressBookHelper.m */ = {isa = PBXFileReference; fileEncoding = 4; lastKnownFileType = sourcecode.c.objc; path = AddressBookHelper.m; sourceTree = "<group>"; };
/* End PBXFileReference section */

/* Begin PBXFrameworksBuildPhase section */
		187EA7541E602AD500B63047 /* Frameworks */ = {
			isa = PBXFrameworksBuildPhase;
			buildActionMask = 2147483647;
			files = (
			);
			runOnlyForDeploymentPostprocessing = 0;
		};
		187EA76D1E602AD500B63047 /* Frameworks */ = {
			isa = PBXFrameworksBuildPhase;
			buildActionMask = 2147483647;
			files = (
			);
			runOnlyForDeploymentPostprocessing = 0;
		};
		187EA7781E602AD500B63047 /* Frameworks */ = {
			isa = PBXFrameworksBuildPhase;
			buildActionMask = 2147483647;
			files = (
			);
			runOnlyForDeploymentPostprocessing = 0;
		};
/* End PBXFrameworksBuildPhase section */

/* Begin PBXGroup section */
		187EA74E1E602AD500B63047 = {
			isa = PBXGroup;
			children = (
				187EA7591E602AD500B63047 /* GetAddressBookInfo */,
				187EA7731E602AD500B63047 /* GetAddressBookInfoTests */,
				187EA77E1E602AD500B63047 /* GetAddressBookInfoUITests */,
				187EA7581E602AD500B63047 /* Products */,
			);
			sourceTree = "<group>";
		};
		187EA7581E602AD500B63047 /* Products */ = {
			isa = PBXGroup;
			children = (
				187EA7571E602AD500B63047 /* GetAddressBookInfo.app */,
				187EA7701E602AD500B63047 /* GetAddressBookInfoTests.xctest */,
				187EA77B1E602AD500B63047 /* GetAddressBookInfoUITests.xctest */,
			);
			name = Products;
			sourceTree = "<group>";
		};
		187EA7591E602AD500B63047 /* GetAddressBookInfo */ = {
			isa = PBXGroup;
			children = (
				187EA75D1E602AD500B63047 /* AppDelegate.h */,
				187EA75E1E602AD500B63047 /* AppDelegate.m */,
				187EA7601E602AD500B63047 /* ViewController.h */,
				187EA7611E602AD500B63047 /* ViewController.m */,
				187EA78D1E602B8600B63047 /* AddressBookHelper.h */,
				187EA78E1E602B8600B63047 /* AddressBookHelper.m */,
				187EA7631E602AD500B63047 /* Main.storyboard */,
				187EA7661E602AD500B63047 /* Assets.xcassets */,
				187EA7681E602AD500B63047 /* LaunchScreen.storyboard */,
				187EA76B1E602AD500B63047 /* Info.plist */,
				187EA75A1E602AD500B63047 /* Supporting Files */,
			);
			path = GetAddressBookInfo;
			sourceTree = "<group>";
		};
		187EA75A1E602AD500B63047 /* Supporting Files */ = {
			isa = PBXGroup;
			children = (
				187EA75B1E602AD500B63047 /* main.m */,
			);
			name = "Supporting Files";
			sourceTree = "<group>";
		};
		187EA7731E602AD500B63047 /* GetAddressBookInfoTests */ = {
			isa = PBXGroup;
			children = (
				187EA7741E602AD500B63047 /* GetAddressBookInfoTests.m */,
				187EA7761E602AD500B63047 /* Info.plist */,
			);
			path = GetAddressBookInfoTests;
			sourceTree = "<group>";
		};
		187EA77E1E602AD500B63047 /* GetAddressBookInfoUITests */ = {
			isa = PBXGroup;
			children = (
				187EA77F1E602AD500B63047 /* GetAddressBookInfoUITests.m */,
				187EA7811E602AD500B63047 /* Info.plist */,
			);
			path = GetAddressBookInfoUITests;
			sourceTree = "<group>";
		};
/* End PBXGroup section */

/* Begin PBXNativeTarget section */
		187EA7561E602AD500B63047 /* GetAddressBookInfo */ = {
			isa = PBXNativeTarget;
			buildConfigurationList = 187EA7841E602AD500B63047 /* Build configuration list for PBXNativeTarget "GetAddressBookInfo" */;
			buildPhases = (
				187EA7531E602AD500B63047 /* Sources */,
				187EA7541E602AD500B63047 /* Frameworks */,
				187EA7551E602AD500B63047 /* Resources */,
			);
			buildRules = (
			);
			dependencies = (
			);
			name = GetAddressBookInfo;
			productName = GetAddressBookInfo;
			productReference = 187EA7571E602AD500B63047 /* GetAddressBookInfo.app */;
			productType = "com.apple.product-type.application";
		};
		187EA76F1E602AD500B63047 /* GetAddressBookInfoTests */ = {
			isa = PBXNativeTarget;
			buildConfigurationList = 187EA7871E602AD500B63047 /* Build configuration list for PBXNativeTarget "GetAddressBookInfoTests" */;
			buildPhases = (
				187EA76C1E602AD500B63047 /* Sources */,
				187EA76D1E602AD500B63047 /* Frameworks */,
				187EA76E1E602AD500B63047 /* Resources */,
			);
			buildRules = (
			);
			dependencies = (
				187EA7721E602AD500B63047 /* PBXTargetDependency */,
			);
			name = GetAddressBookInfoTests;
			productName = GetAddressBookInfoTests;
			productReference = 187EA7701E602AD500B63047 /* GetAddressBookInfoTests.xctest */;
			productType = "com.apple.product-type.bundle.unit-test";
		};
		187EA77A1E602AD500B63047 /* GetAddressBookInfoUITests */ = {
			isa = PBXNativeTarget;
			buildConfigurationList = 187EA78A1E602AD500B63047 /* Build configuration list for PBXNativeTarget "GetAddressBookInfoUITests" */;
			buildPhases = (
				187EA7771E602AD500B63047 /* Sources */,
				187EA7781E602AD500B63047 /* Frameworks */,
				187EA7791E602AD500B63047 /* Resources */,
			);
			buildRules = (
			);
			dependencies = (
				187EA77D1E602AD500B63047 /* PBXTargetDependency */,
			);
			name = GetAddressBookInfoUITests;
			productName = GetAddressBookInfoUITests;
			productReference = 187EA77B1E602AD500B63047 /* GetAddressBookInfoUITests.xctest */;
			productType = "com.apple.product-type.bundle.ui-testing";
		};
/* End PBXNativeTarget section */

/* Begin PBXProject section */
		187EA74F1E602AD500B63047 /* Project object */ = {
			isa = PBXProject;
			attributes = {
				LastUpgradeCheck = 0820;
				ORGANIZATIONNAME = Wang;
				TargetAttributes = {
					187EA7561E602AD500B63047 = {
						CreatedOnToolsVersion = 8.2.1;
						DevelopmentTeam = Z4Y3TGXRWP;
						ProvisioningStyle = Automatic;
					};
					187EA76F1E602AD500B63047 = {
						CreatedOnToolsVersion = 8.2.1;
						ProvisioningStyle = Automatic;
						TestTargetID = 187EA7561E602AD500B63047;
					};
					187EA77A1E602AD500B63047 = {
						CreatedOnToolsVersion = 8.2.1;
						ProvisioningStyle = Automatic;
						TestTargetID = 187EA7561E602AD500B63047;
					};
				};
			};
			buildConfigurationList = 187EA7521E602AD500B63047 /* Build configuration list for PBXProject "GetAddressBookInfo" */;
			compatibilityVersion = "Xcode 3.2";
			developmentRegion = English;
			hasScannedForEncodings = 0;
			knownRegions = (
				en,
				Base,
			);
			mainGroup = 187EA74E1E602AD500B63047;
			productRefGroup = 187EA7581E602AD500B63047 /* Products */;
			projectDirPath = "";
			projectRoot = "";
			targets = (
				187EA7561E602AD500B63047 /* GetAddressBookInfo */,
				187EA76F1E602AD500B63047 /* GetAddressBookInfoTests */,
				187EA77A1E602AD500B63047 /* GetAddressBookInfoUITests */,
			);
		};
/* End PBXProject section */

/* Begin PBXResourcesBuildPhase section */
		187EA7551E602AD500B63047 /* Resources */ = {
			isa = PBXResourcesBuildPhase;
			buildActionMask = 2147483647;
			files = (
				187EA76A1E602AD500B63047 /* LaunchScreen.storyboard in Resources */,
				187EA7671E602AD500B63047 /* Assets.xcassets in Resources */,
				187EA7651E602AD500B63047 /* Main.storyboard in Resources */,
			);
			runOnlyForDeploymentPostprocessing = 0;
		};
		187EA76E1E602AD500B63047 /* Resources */ = {
			isa = PBXResourcesBuildPhase;
			buildActionMask = 2147483647;
			files = (
			);
			runOnlyForDeploymentPostprocessing = 0;
		};
		187EA7791E602AD500B63047 /* Resources */ = {
			isa = PBXResourcesBuildPhase;
			buildActionMask = 2147483647;
			files = (
			);
			runOnlyForDeploymentPostprocessing = 0;
		};
/* End PBXResourcesBuildPhase section */

/* Begin PBXSourcesBuildPhase section */
		187EA7531E602AD500B63047 /* Sources */ = {
			isa = PBXSourcesBuildPhase;
			buildActionMask = 2147483647;
			files = (
				187EA7621E602AD500B63047 /* ViewController.m in Sources */,
				187EA75F1E602AD500B63047 /* AppDelegate.m in Sources */,
				187EA75C1E602AD500B63047 /* main.m in Sources */,
				187EA78F1E602B8600B63047 /* AddressBookHelper.m in Sources */,
			);
			runOnlyForDeploymentPostprocessing = 0;
		};
		187EA76C1E602AD500B63047 /* Sources */ = {
			isa = PBXSourcesBuildPhase;
			buildActionMask = 2147483647;
			files = (
				187EA7751E602AD500B63047 /* GetAddressBookInfoTests.m in Sources */,
			);
			runOnlyForDeploymentPostprocessing = 0;
		};
		187EA7771E602AD500B63047 /* Sources */ = {
			isa = PBXSourcesBuildPhase;
			buildActionMask = 2147483647;
			files = (
				187EA7801E602AD500B63047 /* GetAddressBookInfoUITests.m in Sources */,
			);
			runOnlyForDeploymentPostprocessing = 0;
		};
/* End PBXSourcesBuildPhase section */

/* Begin PBXTargetDependency section */
		187EA7721E602AD500B63047 /* PBXTargetDependency */ = {
			isa = PBXTargetDependency;
			target = 187EA7561E602AD500B63047 /* GetAddressBookInfo */;
			targetProxy = 187EA7711E602AD500B63047 /* PBXContainerItemProxy */;
		};
		187EA77D1E602AD500B63047 /* PBXTargetDependency */ = {
			isa = PBXTargetDependency;
			target = 187EA7561E602AD500B63047 /* GetAddressBookInfo */;
			targetProxy = 187EA77C1E602AD500B63047 /* PBXContainerItemProxy */;
		};
/* End PBXTargetDependency section */

/* Begin PBXVariantGroup section */
		187EA7631E602AD500B63047 /* Main.storyboard */ = {
			isa = PBXVariantGroup;
			children = (
				187EA7641E602AD500B63047 /* Base */,
			);
			name = Main.storyboard;
			sourceTree = "<group>";
		};
		187EA7681E602AD500B63047 /* LaunchScreen.storyboard */ = {
			isa = PBXVariantGroup;
			children = (
				187EA7691E602AD500B63047 /* Base */,
			);
			name = LaunchScreen.storyboard;
			sourceTree = "<group>";
		};
/* End PBXVariantGroup section */

/* Begin XCBuildConfiguration section */
		187EA7821E602AD500B63047 /* Debug */ = {
			isa = XCBuildConfiguration;
			buildSettings = {
				ALWAYS_SEARCH_USER_PATHS = NO;
				CLANG_ANALYZER_NONNULL = YES;
				CLANG_CXX_LANGUAGE_STANDARD = "gnu++0x";
				CLANG_CXX_LIBRARY = "libc++";
				CLANG_ENABLE_MODULES = YES;
				CLANG_ENABLE_OBJC_ARC = YES;
				CLANG_WARN_BOOL_CONVERSION = YES;
				CLANG_WARN_CONSTANT_CONVERSION = YES;
				CLANG_WARN_DIRECT_OBJC_ISA_USAGE = YES_ERROR;
				CLANG_WARN_DOCUMENTATION_COMMENTS = YES;
				CLANG_WARN_EMPTY_BODY = YES;
				CLANG_WARN_ENUM_CONVERSION = YES;
				CLANG_WARN_INFINITE_RECURSION = YES;
				CLANG_WARN_INT_CONVERSION = YES;
				CLANG_WARN_OBJC_ROOT_CLASS = YES_ERROR;
				CLANG_WARN_SUSPICIOUS_MOVE = YES;
				CLANG_WARN_UNREACHABLE_CODE = YES;
				CLANG_WARN__DUPLICATE_METHOD_MATCH = YES;
				"CODE_SIGN_IDENTITY[sdk=iphoneos*]" = "iPhone Developer";
				COPY_PHASE_STRIP = NO;
				DEBUG_INFORMATION_FORMAT = dwarf;
				ENABLE_STRICT_OBJC_MSGSEND = YES;
				ENABLE_TESTABILITY = YES;
				GCC_C_LANGUAGE_STANDARD = gnu99;
				GCC_DYNAMIC_NO_PIC = NO;
				GCC_NO_COMMON_BLOCKS = YES;
				GCC_OPTIMIZATION_LEVEL = 0;
				GCC_PREPROCESSOR_DEFINITIONS = (
					"DEBUG=1",
					"$(inherited)",
				);
				GCC_WARN_64_TO_32_BIT_CONVERSION = YES;
				GCC_WARN_ABOUT_RETURN_TYPE = YES_ERROR;
				GCC_WARN_UNDECLARED_SELECTOR = YES;
				GCC_WARN_UNINITIALIZED_AUTOS = YES_AGGRESSIVE;
				GCC_WARN_UNUSED_FUNCTION = YES;
				GCC_WARN_UNUSED_VARIABLE = YES;
				IPHONEOS_DEPLOYMENT_TARGET = 10.2;
				MTL_ENABLE_DEBUG_INFO = YES;
				ONLY_ACTIVE_ARCH = YES;
				SDKROOT = iphoneos;
				TARGETED_DEVICE_FAMILY = "1,2";
			};
			name = Debug;
		};
		187EA7831E602AD500B63047 /* Release */ = {
			isa = XCBuildConfiguration;
			buildSettings = {
				ALWAYS_SEARCH_USER_PATHS = NO;
				CLANG_ANALYZER_NONNULL = YES;
				CLANG_CXX_LANGUAGE_STANDARD = "gnu++0x";
				CLANG_CXX_LIBRARY = "libc++";
				CLANG_ENABLE_MODULES = YES;
				CLANG_ENABLE_OBJC_ARC = YES;
				CLANG_WARN_BOOL_CONVERSION = YES;
				CLANG_WARN_CONSTANT_CONVERSION = YES;
				CLANG_WARN_DIRECT_OBJC_ISA_USAGE = YES_ERROR;
				CLANG_WARN_DOCUMENTATION_COMMENTS = YES;
				CLANG_WARN_EMPTY_BODY = YES;
				CLANG_WARN_ENUM_CONVERSION = YES;
				CLANG_WARN_INFINITE_RECURSION = YES;
				CLANG_WARN_INT_CONVERSION = YES;
				CLANG_WARN_OBJC_ROOT_CLASS = YES_ERROR;
				CLANG_WARN_SUSPICIOUS_MOVE = YES;
				CLANG_WARN_UNREACHABLE_CODE = YES;
				CLANG_WARN__DUPLICATE_METHOD_MATCH = YES;
				"CODE_SIGN_IDENTITY[sdk=iphoneos*]" = "iPhone Developer";
				COPY_PHASE_STRIP = NO;
				DEBUG_INFORMATION_FORMAT = "dwarf-with-dsym";
				ENABLE_NS_ASSERTIONS = NO;
				ENABLE_STRICT_OBJC_MSGSEND = YES;
				GCC_C_LANGUAGE_STANDARD = gnu99;
				GCC_NO_COMMON_BLOCKS = YES;
				GCC_WARN_64_TO_32_BIT_CONVERSION = YES;
				GCC_WARN_ABOUT_RETURN_TYPE = YES_ERROR;
				GCC_WARN_UNDECLARED_SELECTOR = YES;
				GCC_WARN_UNINITIALIZED_AUTOS = YES_AGGRESSIVE;
				GCC_WARN_UNUSED_FUNCTION = YES;
				GCC_WARN_UNUSED_VARIABLE = YES;
				IPHONEOS_DEPLOYMENT_TARGET = 10.2;
				MTL_ENABLE_DEBUG_INFO = NO;
				SDKROOT = iphoneos;
				TARGETED_DEVICE_FAMILY = "1,2";
				VALIDATE_PRODUCT = YES;
			};
			name = Release;
		};
		187EA7851E602AD500B63047 /* Debug */ = {
			isa = XCBuildConfiguration;
			buildSettings = {
				ASSETCATALOG_COMPILER_APPICON_NAME = AppIcon;
				DEVELOPMENT_TEAM = Z4Y3TGXRWP;
				INFOPLIST_FILE = GetAddressBookInfo/Info.plist;
				LD_RUNPATH_SEARCH_PATHS = "$(inherited) @executable_path/Frameworks";
				PRODUCT_BUNDLE_IDENTIFIER = com.fengguowagnluo.www.GetAddressBookInfo;
				PRODUCT_NAME = "$(TARGET_NAME)";
			};
			name = Debug;
		};
		187EA7861E602AD500B63047 /* Release */ = {
			isa = XCBuildConfiguration;
			buildSettings = {
				ASSETCATALOG_COMPILER_APPICON_NAME = AppIcon;
				DEVELOPMENT_TEAM = Z4Y3TGXRWP;
				INFOPLIST_FILE = GetAddressBookInfo/Info.plist;
				LD_RUNPATH_SEARCH_PATHS = "$(inherited) @executable_path/Frameworks";
				PRODUCT_BUNDLE_IDENTIFIER = com.fengguowagnluo.www.GetAddressBookInfo;
				PRODUCT_NAME = "$(TARGET_NAME)";
			};
			name = Release;
		};
		187EA7881E602AD500B63047 /* Debug */ = {
			isa = XCBuildConfiguration;
			buildSettings = {
				BUNDLE_LOADER = "$(TEST_HOST)";
				INFOPLIST_FILE = GetAddressBookInfoTests/Info.plist;
				LD_RUNPATH_SEARCH_PATHS = "$(inherited) @executable_path/Frameworks @loader_path/Frameworks";
				PRODUCT_BUNDLE_IDENTIFIER = com.fengguowagnluo.www.GetAddressBookInfoTests;
				PRODUCT_NAME = "$(TARGET_NAME)";
				TEST_HOST = "$(BUILT_PRODUCTS_DIR)/GetAddressBookInfo.app/GetAddressBookInfo";
			};
			name = Debug;
		};
		187EA7891E602AD500B63047 /* Release */ = {
			isa = XCBuildConfiguration;
			buildSettings = {
				BUNDLE_LOADER = "$(TEST_HOST)";
				INFOPLIST_FILE = GetAddressBookInfoTests/Info.plist;
				LD_RUNPATH_SEARCH_PATHS = "$(inherited) @executable_path/Frameworks @loader_path/Frameworks";
				PRODUCT_BUNDLE_IDENTIFIER = com.fengguowagnluo.www.GetAddressBookInfoTests;
				PRODUCT_NAME = "$(TARGET_NAME)";
				TEST_HOST = "$(BUILT_PRODUCTS_DIR)/GetAddressBookInfo.app/GetAddressBookInfo";
			};
			name = Release;
		};
		187EA78B1E602AD500B63047 /* Debug */ = {
			isa = XCBuildConfiguration;
			buildSettings = {
				INFOPLIST_FILE = GetAddressBookInfoUITests/Info.plist;
				LD_RUNPATH_SEARCH_PATHS = "$(inherited) @executable_path/Frameworks @loader_path/Frameworks";
				PRODUCT_BUNDLE_IDENTIFIER = com.fengguowagnluo.www.GetAddressBookInfoUITests;
				PRODUCT_NAME = "$(TARGET_NAME)";
				TEST_TARGET_NAME = GetAddressBookInfo;
			};
			name = Debug;
		};
		187EA78C1E602AD500B63047 /* Release */ = {
			isa = XCBuildConfiguration;
			buildSettings = {
				INFOPLIST_FILE = GetAddressBookInfoUITests/Info.plist;
				LD_RUNPATH_SEARCH_PATHS = "$(inherited) @executable_path/Frameworks @loader_path/Frameworks";
				PRODUCT_BUNDLE_IDENTIFIER = com.fengguowagnluo.www.GetAddressBookInfoUITests;
				PRODUCT_NAME = "$(TARGET_NAME)";
				TEST_TARGET_NAME = GetAddressBookInfo;
			};
			name = Release;
		};
/* End XCBuildConfiguration section */

/* Begin XCConfigurationList section */
		187EA7521E602AD500B63047 /* Build configuration list for PBXProject "GetAddressBookInfo" */ = {
			isa = XCConfigurationList;
			buildConfigurations = (
				187EA7821E602AD500B63047 /* Debug */,
				187EA7831E602AD500B63047 /* Release */,
			);
			defaultConfigurationIsVisible = 0;
			defaultConfigurationName = Release;
		};
		187EA7841E602AD500B63047 /* Build configuration list for PBXNativeTarget "GetAddressBookInfo" */ = {
			isa = XCConfigurationList;
			buildConfigurations = (
				187EA7851E602AD500B63047 /* Debug */,
				187EA7861E602AD500B63047 /* Release */,
			);
			defaultConfigurationIsVisible = 0;
		};
		187EA7871E602AD500B63047 /* Build configuration list for PBXNativeTarget "GetAddressBookInfoTests" */ = {
			isa = XCConfigurationList;
			buildConfigurations = (
				187EA7881E602AD500B63047 /* Debug */,
				187EA7891E602AD500B63047 /* Release */,
			);
			defaultConfigurationIsVisible = 0;
		};
		187EA78A1E602AD500B63047 /* Build configuration list for PBXNativeTarget "GetAddressBookInfoUITests" */ = {
			isa = XCConfigurationList;
			buildConfigurations = (
				187EA78B1E602AD500B63047 /* Debug */,
				187EA78C1E602AD500B63047 /* Release */,
			);
			defaultConfigurationIsVisible = 0;
		};
/* End XCConfigurationList section */
	};
	rootObject = 187EA74F1E602AD500B63047 /* Project object */;
}
